// !$*UTF8*$!
{
	archiveVersion = 1;
	classes = {
	};
	objectVersion = 46;
	objects = {

/* Begin PBXBuildFile section */
		C42973011D8F683D0089A320 /* AppDelegate.swift in Sources */ = {isa = PBXBuildFile; fileRef = C42973001D8F683D0089A320 /* AppDelegate.swift */; };
		C42973031D8F683D0089A320 /* ViewController.swift in Sources */ = {isa = PBXBuildFile; fileRef = C42973021D8F683D0089A320 /* ViewController.swift */; };
		C42973061D8F683D0089A320 /* Main.storyboard in Resources */ = {isa = PBXBuildFile; fileRef = C42973041D8F683D0089A320 /* Main.storyboard */; };
		C42973081D8F683D0089A320 /* Assets.xcassets in Resources */ = {isa = PBXBuildFile; fileRef = C42973071D8F683D0089A320 /* Assets.xcassets */; };
		C429730B1D8F683D0089A320 /* LaunchScreen.storyboard in Resources */ = {isa = PBXBuildFile; fileRef = C42973091D8F683D0089A320 /* LaunchScreen.storyboard */; };
/* End PBXBuildFile section */

/* Begin PBXFileReference section */
		C42972FD1D8F683D0089A320 /* FaceDectectionTest.app */ = {isa = PBXFileReference; explicitFileType = wrapper.application; includeInIndex = 0; path = FaceDectectionTest.app; sourceTree = BUILT_PRODUCTS_DIR; };
		C42973001D8F683D0089A320 /* AppDelegate.swift */ = {isa = PBXFileReference; lastKnownFileType = sourcecode.swift; path = AppDelegate.swift; sourceTree = "<group>"; };
		C42973021D8F683D0089A320 /* ViewController.swift */ = {isa = PBXFileReference; lastKnownFileType = sourcecode.swift; path = ViewController.swift; sourceTree = "<group>"; };
		C42973051D8F683D0089A320 /* Base */ = {isa = PBXFileReference; lastKnownFileType = file.storyboard; name = Base; path = Base.lproj/Main.storyboard; sourceTree = "<group>"; };
		C42973071D8F683D0089A320 /* Assets.xcassets */ = {isa = PBXFileReference; lastKnownFileType = folder.assetcatalog; path = Assets.xcassets; sourceTree = "<group>"; };
		C429730A1D8F683D0089A320 /* Base */ = {isa = PBXFileReference; lastKnownFileType = file.storyboard; name = Base; path = Base.lproj/LaunchScreen.storyboard; sourceTree = "<group>"; };
		C429730C1D8F683D0089A320 /* Info.plist */ = {isa = PBXFileReference; lastKnownFileType = text.plist.xml; path = Info.plist; sourceTree = "<group>"; };
/* End PBXFileReference section */

/* Begin PBXFrameworksBuildPhase section */
		C42972FA1D8F683D0089A320 /* Frameworks */ = {
			isa = PBXFrameworksBuildPhase;
			buildActionMask = 2147483647;
			files = (
			);
			runOnlyForDeploymentPostprocessing = 0;
		};
/* End PBXFrameworksBuildPhase section */

/* Begin PBXGroup section */
		C42972F41D8F683D0089A320 = {
			isa = PBXGroup;
			children = (
				C42972FF1D8F683D0089A320 /* FaceDectectionTest */,
				C42972FE1D8F683D0089A320 /* Products */,
			);
			sourceTree = "<group>";
		};
		C42972FE1D8F683D0089A320 /* Products */ = {
			isa = PBXGroup;
			children = (
				C42972FD1D8F683D0089A320 /* FaceDectectionTest.app */,
			);
			name = Products;
			sourceTree = "<group>";
		};
		C42972FF1D8F683D0089A320 /* FaceDectectionTest */ = {
			isa = PBXGroup;
			children = (
				C42973001D8F683D0089A320 /* AppDelegate.swift */,
				C42973021D8F683D0089A320 /* ViewController.swift */,
				C42973041D8F683D0089A320 /* Main.storyboard */,
				C42973071D8F683D0089A320 /* Assets.xcassets */,
				C42973091D8F683D0089A320 /* LaunchScreen.storyboard */,
				C429730C1D8F683D0089A320 /* Info.plist */,
			);
			path = FaceDectectionTest;
			sourceTree = "<group>";
		};
/* End PBXGroup section */

/* Begin PBXNativeTarget section */
		C42972FC1D8F683D0089A320 /* FaceDectectionTest */ = {
			isa = PBXNativeTarget;
			buildConfigurationList = C429730F1D8F683D0089A320 /* Build configuration list for PBXNativeTarget "FaceDectectionTest" */;
			buildPhases = (
				C42972F91D8F683D0089A320 /* Sources */,
				C42972FA1D8F683D0089A320 /* Frameworks */,
				C42972FB1D8F683D0089A320 /* Resources */,
			);
			buildRules = (
			);
			dependencies = (
			);
			name = FaceDectectionTest;
			productName = FaceDectectionTest;
			productReference = C42972FD1D8F683D0089A320 /* FaceDectectionTest.app */;
			productType = "com.apple.product-type.application";
		};
/* End PBXNativeTarget section */

/* Begin PBXProject section */
		C42972F51D8F683D0089A320 /* Project object */ = {
			isa = PBXProject;
			attributes = {
				LastSwiftUpdateCheck = 0800;
				LastUpgradeCheck = 0800;
				ORGANIZATIONNAME = Cory;
				TargetAttributes = {
					C42972FC1D8F683D0089A320 = {
						CreatedOnToolsVersion = 8.0;
						DevelopmentTeam = 595GQGY9Q9;
						ProvisioningStyle = Automatic;
					};
				};
			};
			buildConfigurationList = C42972F81D8F683D0089A320 /* Build configuration list for PBXProject "FaceDectectionTest" */;
			compatibilityVersion = "Xcode 3.2";
			developmentRegion = English;
			hasScannedForEncodings = 0;
			knownRegions = (
				en,
				Base,
			);
			mainGroup = C42972F41D8F683D0089A320;
			productRefGroup = C42972FE1D8F683D0089A320 /* Products */;
			projectDirPath = "";
			projectRoot = "";
			targets = (
				C42972FC1D8F683D0089A320 /* FaceDectectionTest */,
			);
		};
/* End PBXProject section */

/* Begin PBXResourcesBuildPhase section */
		C42972FB1D8F683D0089A320 /* Resources */ = {
			isa = PBXResourcesBuildPhase;
			buildActionMask = 2147483647;
			files = (
				C429730B1D8F683D0089A320 /* LaunchScreen.storyboard in Resources */,
				C42973081D8F683D0089A320 /* Assets.xcassets in Resources */,
				C42973061D8F683D0089A320 /* Main.storyboard in Resources */,
			);
			runOnlyForDeploymentPostprocessing = 0;
		};
/* End PBXResourcesBuildPhase section */

/* Begin PBXSourcesBuildPhase section */
		C42972F91D8F683D0089A320 /* Sources */ = {
			isa = PBXSourcesBuildPhase;
			buildActionMask = 2147483647;
			files = (
				C42973031D8F683D0089A320 /* ViewController.swift in Sources */,
				C42973011D8F683D0089A320 /* AppDelegate.swift in Sources */,
			);
			runOnlyForDeploymentPostprocessing = 0;
		};
/* End PBXSourcesBuildPhase section */

/* Begin PBXVariantGroup section */
		C42973041D8F683D0089A320 /* Main.storyboard */ = {
			isa = PBXVariantGroup;
			children = (
				C42973051D8F683D0089A320 /* Base */,
			);
			name = Main.storyboard;
			sourceTree = "<group>";
		};
		C42973091D8F683D0089A320 /* LaunchScreen.storyboard */ = {
			isa = PBXVariantGroup;
			children = (
				C429730A1D8F683D0089A320 /* Base */,
			);
			name = LaunchScreen.storyboard;
			sourceTree = "<group>";
		};
/* End PBXVariantGroup section */

/* Begin XCBuildConfiguration section */
		C429730D1D8F683D0089A320 /* Debug */ = {
			isa = XCBuildConfiguration;
			buildSettings = {
				ALWAYS_SEARCH_USER_PATHS = NO;
				CLANG_ANALYZER_NONNULL = YES;
				CLANG_CXX_LANGUAGE_STANDARD = "gnu++0x";
				CLANG_CXX_LIBRARY = "libc++";
				CLANG_ENABLE_MODULES = YES;
				CLANG_ENABLE_OBJC_ARC = YES;
				CLANG_WARN_BOOL_CONVERSION = YES;
				CLANG_WARN_CONSTANT_CONVERSION = YES;
				CLANG_WARN_DIRECT_OBJC_ISA_USAGE = YES_ERROR;
				CLANG_WARN_DOCUMENTATION_COMMENTS = YES;
				CLANG_WARN_EMPTY_BODY = YES;
				CLANG_WARN_ENUM_CONVERSION = YES;
				CLANG_WARN_INFINITE_RECURSION = YES;
				CLANG_WARN_INT_CONVERSION = YES;
				CLANG_WARN_OBJC_ROOT_CLASS = YES_ERROR;
				CLANG_WARN_SUSPICIOUS_MOVES = YES;
				CLANG_WARN_UNREACHABLE_CODE = YES;
				CLANG_WARN__DUPLICATE_METHOD_MATCH = YES;
				"CODE_SIGN_IDENTITY[sdk=iphoneos*]" = "iPhone Developer";
				COPY_PHASE_STRIP = NO;
				DEBUG_INFORMATION_FORMAT = dwarf;
				ENABLE_STRICT_OBJC_MSGSEND = YES;
				ENABLE_TESTABILITY = YES;
				GCC_C_LANGUAGE_STANDARD = gnu99;
				GCC_DYNAMIC_NO_PIC = NO;
				GCC_NO_COMMON_BLOCKS = YES;
				GCC_OPTIMIZATION_LEVEL = 0;
				GCC_PREPROCESSOR_DEFINITIONS = (
					"DEBUG=1",
					"$(inherited)",
				);
				GCC_WARN_64_TO_32_BIT_CONVERSION = YES;
				GCC_WARN_ABOUT_RETURN_TYPE = YES_ERROR;
				GCC_WARN_UNDECLARED_SELECTOR = YES;
				GCC_WARN_UNINITIALIZED_AUTOS = YES_AGGRESSIVE;
				GCC_WARN_UNUSED_FUNCTION = YES;
				GCC_WARN_UNUSED_VARIABLE = YES;
				IPHONEOS_DEPLOYMENT_TARGET = 10.0;
				MTL_ENABLE_DEBUG_INFO = YES;
				ONLY_ACTIVE_ARCH = YES;
				SDKROOT = iphoneos;
				SWIFT_ACTIVE_COMPILATION_CONDITIONS = DEBUG;
				SWIFT_OPTIMIZATION_LEVEL = "-Onone";
				TARGETED_DEVICE_FAMILY = "1,2";
			};
			name = Debug;
		};
		C429730E1D8F683D0089A320 /* Release */ = {
			isa = XCBuildConfiguration;
			buildSettings = {
				ALWAYS_SEARCH_USER_PATHS = NO;
				CLANG_ANALYZER_NONNULL = YES;
				CLANG_CXX_LANGUAGE_STANDARD = "gnu++0x";
				CLANG_CXX_LIBRARY = "libc++";
				CLANG_ENABLE_MODULES = YES;
				CLANG_ENABLE_OBJC_ARC = YES;
				CLANG_WARN_BOOL_CONVERSION = YES;
				CLANG_WARN_CONSTANT_CONVERSION = YES;
				CLANG_WARN_DIRECT_OBJC_ISA_USAGE = YES_ERROR;
				CLANG_WARN_DOCUMENTATION_COMMENTS = YES;
				CLANG_WARN_EMPTY_BODY = YES;
				CLANG_WARN_ENUM_CONVERSION = YES;
				CLANG_WARN_INFINITE_RECURSION = YES;
				CLANG_WARN_INT_CONVERSION = YES;
				CLANG_WARN_OBJC_ROOT_CLASS = YES_ERROR;
				CLANG_WARN_SUSPICIOUS_MOVES = YES;
				CLANG_WARN_UNREACHABLE_CODE = YES;
				CLANG_WARN__DUPLICATE_METHOD_MATCH = YES;
				"CODE_SIGN_IDENTITY[sdk=iphoneos*]" = "iPhone Developer";
				COPY_PHASE_STRIP = NO;
				DEBUG_INFORMATION_FORMAT = "dwarf-with-dsym";
				ENABLE_NS_ASSERTIONS = NO;
				ENABLE_STRICT_OBJC_MSGSEND = YES;
				GCC_C_LANGUAGE_STANDARD = gnu99;
				GCC_NO_COMMON_BLOCKS = YES;
				GCC_WARN_64_TO_32_BIT_CONVERSION = YES;
				GCC_WARN_ABOUT_RETURN_TYPE = YES_ERROR;
				GCC_WARN_UNDECLARED_SELECTOR = YES;
				GCC_WARN_UNINITIALIZED_AUTOS = YES_AGGRESSIVE;
				GCC_WARN_UNUSED_FUNCTION = YES;
				GCC_WARN_UNUSED_VARIABLE = YES;
				IPHONEOS_DEPLOYMENT_TARGET = 10.0;
				MTL_ENABLE_DEBUG_INFO = NO;
				SDKROOT = iphoneos;
				SWIFT_OPTIMIZATION_LEVEL = "-Owholemodule";
				TARGETED_DEVICE_FAMILY = "1,2";
				VALIDATE_PRODUCT = YES;
			};
			name = Release;
		};
		C42973101D8F683D0089A320 /* Debug */ = {
			isa = XCBuildConfiguration;
			buildSettings = {
				ASSETCATALOG_COMPILER_APPICON_NAME = AppIcon;
				DEVELOPMENT_TEAM = 595GQGY9Q9;
				INFOPLIST_FILE = FaceDectectionTest/Info.plist;
				LD_RUNPATH_SEARCH_PATHS = "$(inherited) @executable_path/Frameworks";
				PRODUCT_BUNDLE_IDENTIFIER = com.cory.FaceDectectionTest;
				PRODUCT_NAME = "$(TARGET_NAME)";
				SWIFT_VERSION = 3.0;
			};
			name = Debug;
		};
		C42973111D8F683D0089A320 /* Release */ = {
			isa = XCBuildConfiguration;
			buildSettings = {
				ASSETCATALOG_COMPILER_APPICON_NAME = AppIcon;
				DEVELOPMENT_TEAM = 595GQGY9Q9;
				INFOPLIST_FILE = FaceDectectionTest/Info.plist;
				LD_RUNPATH_SEARCH_PATHS = "$(inherited) @executable_path/Frameworks";
				PRODUCT_BUNDLE_IDENTIFIER = com.cory.FaceDectectionTest;
				PRODUCT_NAME = "$(TARGET_NAME)";
				SWIFT_VERSION = 3.0;
			};
			name = Release;
		};
/* End XCBuildConfiguration section */

/* Begin XCConfigurationList section */
		C42972F81D8F683D0089A320 /* Build configuration list for PBXProject "FaceDectectionTest" */ = {
			isa = XCConfigurationList;
			buildConfigurations = (
				C429730D1D8F683D0089A320 /* Debug */,
				C429730E1D8F683D0089A320 /* Release */,
			);
			defaultConfigurationIsVisible = 0;
			defaultConfigurationName = Release;
		};
		C429730F1D8F683D0089A320 /* Build configuration list for PBXNativeTarget "FaceDectectionTest" */ = {
			isa = XCConfigurationList;
			buildConfigurations = (
				C42973101D8F683D0089A320 /* Debug */,
				C42973111D8F683D0089A320 /* Release */,
			);
			defaultConfigurationIsVisible = 0;
		};
/* End XCConfigurationList section */
	};
	rootObject = C42972F51D8F683D0089A320 /* Project object */;
}
